
Microsoft Visual Studio Solution File, Format Version 12.00
# Visual Studio 15
Project("{FAE04EC0-301F-11D3-BF4B-00C04F79EFBC}") = "UnityEngine.UI", "UnityEngine.UI.csproj", "{5E350642-1794-A0C7-A278-CE85C87B2CA3}"
EndProject
Project("{FAE04EC0-301F-11D3-BF4B-00C04F79EFBC}") = "Unity.RenderPipelines.Core.Runtime", "Unity.RenderPipelines.Core.Runtime.csproj", "{A4F8F9C5-8074-0AEB-B882-340AE5A9BEE5}"
EndProject
Project("{FAE04EC0-301F-11D3-BF4B-00C04F79EFBC}") = "UnityEngine.TestRunner", "UnityEngine.TestRunner.csproj", "{814BDBD2-1B7F-E775-8A40-42BF82AD0DEE}"
EndProject
Project("{FAE04EC0-301F-11D3-BF4B-00C04F79EFBC}") = "Unity.Services.Core.Telemetry", "Unity.Services.Core.Telemetry.csproj", "{94B28765-35CC-4B34-9D46-EF665A819C5D}"
EndProject
Project("{FAE04EC0-301F-11D3-BF4B-00C04F79EFBC}") = "Unity.VisualScripting.State", "Unity.VisualScripting.State.csproj", "{AE268CA2-497F-E968-27FB-794A3EB01780}"
EndProject
Project("{FAE04EC0-301F-11D3-BF4B-00C04F79EFBC}") = "Unity.RenderPipelines.Universal.Runtime", "Unity.RenderPipelines.Universal.Runtime.csproj", "{E035FE7F-C6B3-96E2-AF03-A31177AE5F33}"
EndProject
Project("{FAE04EC0-301F-11D3-BF4B-00C04F79EFBC}") = "Unity.VisualScripting.Flow", "Unity.VisualScripting.Flow.csproj", "{D0A950DA-A700-8190-5A61-A0DFB5B5C24C}"
EndProject
Project("{FAE04EC0-301F-11D3-BF4B-00C04F79EFBC}") = "Unity.VisualScripting.Core", "Unity.VisualScripting.Core.csproj", "{185FA60E-A2DF-67FD-0333-57E8D93F4522}"
EndProject
Project("{FAE04EC0-301F-11D3-BF4B-00C04F79EFBC}") = "Unity.Services.Core.Environments.Internal", "Unity.Services.Core.Environments.Internal.csproj", "{1D3399D9-354F-B2F2-3DC5-58FBF5CD8B94}"
EndProject
Project("{FAE04EC0-301F-11D3-BF4B-00C04F79EFBC}") = "Unity.2D.Animation.Runtime", "Unity.2D.Animation.Runtime.csproj", "{317D6840-9373-E701-C76D-D54194ED61A4}"
EndProject
Project("{FAE04EC0-301F-11D3-BF4B-00C04F79EFBC}") = "Unity.TextMeshPro", "Unity.TextMeshPro.csproj", "{7456FDBD-FD31-F917-83A5-F84CBF17214F}"
EndProject
Project("{FAE04EC0-301F-11D3-BF4B-00C04F79EFBC}") = "Unity.Burst", "Unity.Burst.csproj", "{DE30684F-DD53-4EE4-6E7F-3892A8F4EE96}"
EndProject
Project("{FAE04EC0-301F-11D3-BF4B-00C04F79EFBC}") = "Assembly-CSharp", "Assembly-CSharp.csproj", "{9865D753-D595-289E-C5E6-7AFB27E9ABBB}"
EndProject
Project("{FAE04EC0-301F-11D3-BF4B-00C04F79EFBC}") = "Unity.RenderPipeline.Universal.ShaderLibrary", "Unity.RenderPipeline.Universal.ShaderLibrary.csproj", "{A8F1BE6A-0377-0DD8-3155-743766873420}"
EndProject
Project("{FAE04EC0-301F-11D3-BF4B-00C04F79EFBC}") = "Cinemachine", "Cinemachine.csproj", "{3740BB30-341F-8798-9484-3EB4B95DF9B1}"
EndProject
Project("{FAE04EC0-301F-11D3-BF4B-00C04F79EFBC}") = "Unity.Services.Core.Environments", "Unity.Services.Core.Environments.csproj", "{177CE93E-EBFF-2457-C41B-DEA34E7C4EE4}"
EndProject
Project("{FAE04EC0-301F-11D3-BF4B-00C04F79EFBC}") = "Unity.2D.SpriteShape.Runtime", "Unity.2D.SpriteShape.Runtime.csproj", "{1B016D33-26E5-921D-27F3-94A9F83591B6}"
EndProject
Project("{FAE04EC0-301F-11D3-BF4B-00C04F79EFBC}") = "Unity.Services.Core.Internal", "Unity.Services.Core.Internal.csproj", "{1EA4296F-81C1-1AC0-81E3-4BB1CE332ECB}"
EndProject
Project("{FAE04EC0-301F-11D3-BF4B-00C04F79EFBC}") = "Unity.Timeline", "Unity.Timeline.csproj", "{F2044FE4-594B-B4AA-9C8F-F7861D275CD8}"
EndProject
Project("{FAE04EC0-301F-11D3-BF4B-00C04F79EFBC}") = "Unity.Mathematics", "Unity.Mathematics.csproj", "{6D653C49-E5CD-C86D-CFD0-018FFDE314D2}"
EndProject
Project("{FAE04EC0-301F-11D3-BF4B-00C04F79EFBC}") = "Unity.Services.Core.Scheduler", "Unity.Services.Core.Scheduler.csproj", "{6D9097C2-E8A4-F498-46BD-DE8EFD3BB1C5}"
EndProject
Project("{FAE04EC0-301F-11D3-BF4B-00C04F79EFBC}") = "Unity.2D.PixelPerfect", "Unity.2D.PixelPerfect.csproj", "{0B1B16B2-E172-6203-4AF8-02BD11217B1A}"
EndProject
Project("{FAE04EC0-301F-11D3-BF4B-00C04F79EFBC}") = "Unity.Services.Core.Device", "Unity.Services.Core.Device.csproj", "{C8C6D135-BA23-2CE1-F07D-434B5A8646F3}"
EndProject
Project("{FAE04EC0-301F-11D3-BF4B-00C04F79EFBC}") = "Unity.Services.Core.Analytics", "Unity.Services.Core.Analytics.csproj", "{12C18D0F-9736-B357-7874-E04596407049}"
EndProject
Project("{FAE04EC0-301F-11D3-BF4B-00C04F79EFBC}") = "Unity.2D.IK.Runtime", "Unity.2D.IK.Runtime.csproj", "{F949B64C-3576-6C5D-E23A-84D8AB1BEB6D}"
EndProject
Project("{FAE04EC0-301F-11D3-BF4B-00C04F79EFBC}") = "Unity.2D.Tilemap.Extras", "Unity.2D.Tilemap.Extras.csproj", "{CF1DAC05-703D-A43D-17D3-7E2204C16FD1}"
EndProject
Project("{FAE04EC0-301F-11D3-BF4B-00C04F79EFBC}") = "Unity.Services.Core.Threading", "Unity.Services.Core.Threading.csproj", "{1EB6CBFB-A4D8-55F7-786D-F1892ECBDA3E}"
EndProject
Project("{FAE04EC0-301F-11D3-BF4B-00C04F79EFBC}") = "Unity.2D.Common.Runtime", "Unity.2D.Common.Runtime.csproj", "{B8B3CCEB-0186-EB9B-E54C-FAE4813909A5}"
EndProject
Project("{FAE04EC0-301F-11D3-BF4B-00C04F79EFBC}") = "Unity.Services.Core.Configuration", "Unity.Services.Core.Configuration.csproj", "{E08B260B-6467-5B8E-4677-383627D6317F}"
EndProject
Project("{FAE04EC0-301F-11D3-BF4B-00C04F79EFBC}") = "Unity.Services.Core", "Unity.Services.Core.csproj", "{FA7438B8-7D7F-8D2E-6A62-B05A56039236}"
EndProject
Project("{FAE04EC0-301F-11D3-BF4B-00C04F79EFBC}") = "Unity.Services.Core.Networking", "Unity.Services.Core.Networking.csproj", "{27E4EC5B-EFA6-88B8-8738-1C97FB47C32A}"
EndProject
Project("{FAE04EC0-301F-11D3-BF4B-00C04F79EFBC}") = "Unity.Services.Core.Registration", "Unity.Services.Core.Registration.csproj", "{02859A57-046E-9A6C-06BB-AE9A36D18719}"
EndProject
Project("{FAE04EC0-301F-11D3-BF4B-00C04F79EFBC}") = "Unity.RenderPipelines.ShaderGraph.ShaderGraphLibrary", "Unity.RenderPipelines.ShaderGraph.ShaderGraphLibrary.csproj", "{CE093CCE-E97B-2835-B53D-F272B45752E5}"
EndProject
Project("{FAE04EC0-301F-11D3-BF4B-00C04F79EFBC}") = "Unity.RenderPipelines.Core.ShaderLibrary", "Unity.RenderPipelines.Core.ShaderLibrary.csproj", "{880E13ED-19E6-EA9D-D0B0-66C8B41B0631}"
EndProject
Project("{FAE04EC0-301F-11D3-BF4B-00C04F79EFBC}") = "Unity.InternalAPIEngineBridge.001", "Unity.InternalAPIEngineBridge.001.csproj", "{B8ABC6AD-6D18-3CE3-B7A8-B6B88B090806}"
EndProject
Project("{FAE04EC0-301F-11D3-BF4B-00C04F79EFBC}") = "Unity.RenderPipelines.Universal.Shaders", "Unity.RenderPipelines.Universal.Shaders.csproj", "{F8D81606-9D78-6521-B808-CC6D825E7D5F}"
EndProject
Project("{FAE04EC0-301F-11D3-BF4B-00C04F79EFBC}") = "Unity.PlasticSCM.Editor", "Unity.PlasticSCM.Editor.csproj", "{AA6DAAED-5349-4625-F8B3-65D20750A106}"
EndProject
Project("{FAE04EC0-301F-11D3-BF4B-00C04F79EFBC}") = "Unity.VisualScripting.Core.Editor", "Unity.VisualScripting.Core.Editor.csproj", "{74D65F41-4180-A2BE-BB08-B873064FCA55}"
EndProject
Project("{FAE04EC0-301F-11D3-BF4B-00C04F79EFBC}") = "Unity.ShaderGraph.Editor", "Unity.ShaderGraph.Editor.csproj", "{22DB0581-70AD-8513-EE0D-4A6D562C4C42}"
EndProject
Project("{FAE04EC0-301F-11D3-BF4B-00C04F79EFBC}") = "Unity.Timeline.Editor", "Unity.Timeline.Editor.csproj", "{2478C457-6A3F-3132-F5EE-D9A5412594AB}"
EndProject
Project("{FAE04EC0-301F-11D3-BF4B-00C04F79EFBC}") = "Unity.RenderPipelines.Universal.Editor", "Unity.RenderPipelines.Universal.Editor.csproj", "{9728E7BC-EFED-6336-D6A5-E0977FE0452F}"
EndProject
Project("{FAE04EC0-301F-11D3-BF4B-00C04F79EFBC}") = "com.unity.cinemachine.editor", "com.unity.cinemachine.editor.csproj", "{DCD10EE1-2139-8742-DB79-11FD56C8E50F}"
EndProject
Project("{FAE04EC0-301F-11D3-BF4B-00C04F79EFBC}") = "Unity.TextMeshPro.Editor", "Unity.TextMeshPro.Editor.csproj", "{F6F51850-243B-AC65-AA86-9C97E1B1D374}"
EndProject
Project("{FAE04EC0-301F-11D3-BF4B-00C04F79EFBC}") = "Unity.2D.Animation.Editor", "Unity.2D.Animation.Editor.csproj", "{C62C778B-E4DC-8B54-F07E-53915468823C}"
EndProject
Project("{FAE04EC0-301F-11D3-BF4B-00C04F79EFBC}") = "Unity.VisualScripting.SettingsProvider.Editor", "Unity.VisualScripting.SettingsProvider.Editor.csproj", "{B09A80BB-5D89-C781-E04C-073F7891DD15}"
EndProject
Project("{FAE04EC0-301F-11D3-BF4B-00C04F79EFBC}") = "UnityEditor.TestRunner", "UnityEditor.TestRunner.csproj", "{F71D5D75-480E-DA39-2839-BBBB8F53E606}"
EndProject
Project("{FAE04EC0-301F-11D3-BF4B-00C04F79EFBC}") = "Unity.2D.Tilemap.Editor", "Unity.2D.Tilemap.Editor.csproj", "{C733971D-254C-7522-B31C-B4E99E090BAF}"
EndProject
Project("{FAE04EC0-301F-11D3-BF4B-00C04F79EFBC}") = "Unity.VisualScripting.Flow.Editor", "Unity.VisualScripting.Flow.Editor.csproj", "{39DFF0C1-1D74-9EB3-E250-A996472D7547}"
EndProject
Project("{FAE04EC0-301F-11D3-BF4B-00C04F79EFBC}") = "Unity.Rider.Editor", "Unity.Rider.Editor.csproj", "{AE7FD4E2-3B0B-5110-5B3E-943332ED5F71}"
EndProject
Project("{FAE04EC0-301F-11D3-BF4B-00C04F79EFBC}") = "Unity.2D.Path.Editor", "Unity.2D.Path.Editor.csproj", "{F39526D4-9F02-09C0-1499-B958EF06AA95}"
EndProject
Project("{FAE04EC0-301F-11D3-BF4B-00C04F79EFBC}") = "PsdPlugin", "PsdPlugin.csproj", "{56E0F558-6673-1295-4615-87156AE72962}"
EndProject
Project("{FAE04EC0-301F-11D3-BF4B-00C04F79EFBC}") = "Unity.CollabProxy.Editor", "Unity.CollabProxy.Editor.csproj", "{AD38421C-9FA2-B09F-3B5B-61180B8636FD}"
EndProject
Project("{FAE04EC0-301F-11D3-BF4B-00C04F79EFBC}") = "Unity.RenderPipelines.Core.Editor", "Unity.RenderPipelines.Core.Editor.csproj", "{65767AC2-2789-165E-4423-541D55D0F31F}"
EndProject
Project("{FAE04EC0-301F-11D3-BF4B-00C04F79EFBC}") = "Unity.Services.Core.Editor", "Unity.Services.Core.Editor.csproj", "{7AA5003A-60A8-CDA4-B1AC-9FDFB3C91530}"
EndProject
Project("{FAE04EC0-301F-11D3-BF4B-00C04F79EFBC}") = "Unity.2D.SpriteShape.Editor", "Unity.2D.SpriteShape.Editor.csproj", "{FBDE636E-76DF-380F-25D8-91F73A8E7CAE}"
EndProject
Project("{FAE04EC0-301F-11D3-BF4B-00C04F79EFBC}") = "Unity.Burst.CodeGen", "Unity.Burst.CodeGen.csproj", "{940C9FAD-7096-F72B-5F46-19F09574CB5C}"
EndProject
Project("{FAE04EC0-301F-11D3-BF4B-00C04F79EFBC}") = "Unity.2D.PixelPerfect.Editor", "Unity.2D.PixelPerfect.Editor.csproj", "{6AF6878E-38A3-3CA8-A5F6-B080CA145736}"
EndProject
Project("{FAE04EC0-301F-11D3-BF4B-00C04F79EFBC}") = "Unity.VSCode.Editor", "Unity.VSCode.Editor.csproj", "{B071C1BD-F937-A14C-B308-D299384FAC43}"
EndProject
Project("{FAE04EC0-301F-11D3-BF4B-00C04F79EFBC}") = "Unity.VisualStudio.Editor", "Unity.VisualStudio.Editor.csproj", "{825CF7BE-78F3-3EA9-A39B-A43438475D1A}"
EndProject
Project("{FAE04EC0-301F-11D3-BF4B-00C04F79EFBC}") = "PPv2URPConverters", "PPv2URPConverters.csproj", "{7BB97317-2226-4802-C97F-8C78D597C35F}"
EndProject
Project("{FAE04EC0-301F-11D3-BF4B-00C04F79EFBC}") = "Unity.2D.Sprite.Editor", "Unity.2D.Sprite.Editor.csproj", "{97719B23-25F9-AA89-60BA-5B04CD2A798B}"
EndProject
Project("{FAE04EC0-301F-11D3-BF4B-00C04F79EFBC}") = "Unity.2D.Common.Editor", "Unity.2D.Common.Editor.csproj", "{E13B4F6F-8C8B-7471-6966-BB87A5C8BF90}"
EndProject
Project("{FAE04EC0-301F-11D3-BF4B-00C04F79EFBC}") = "Unity.2D.Psdimporter.Editor", "Unity.2D.Psdimporter.Editor.csproj", "{7CF28CD9-7D67-5BC6-4A2A-5ADA36F2B680}"
EndProject
Project("{FAE04EC0-301F-11D3-BF4B-00C04F79EFBC}") = "Unity.VisualScripting.State.Editor", "Unity.VisualScripting.State.Editor.csproj", "{0382FDD5-B2C5-E983-8772-29D26276FBAF}"
EndProject
Project("{FAE04EC0-301F-11D3-BF4B-00C04F79EFBC}") = "UnityEditor.UI", "UnityEditor.UI.csproj", "{F4D32142-1A53-5FB1-D028-122BA6D4DEC6}"
EndProject
Project("{FAE04EC0-301F-11D3-BF4B-00C04F79EFBC}") = "Unity.Searcher.Editor", "Unity.Searcher.Editor.csproj", "{B790868F-4CB8-5DC6-B662-8422E72E464E}"
EndProject
Project("{FAE04EC0-301F-11D3-BF4B-00C04F79EFBC}") = "Unity.Services.Core.Configuration.Editor", "Unity.Services.Core.Configuration.Editor.csproj", "{F3DDAAD2-D1F7-9C6D-BFB4-A6F39756D6A5}"
EndProject
Project("{FAE04EC0-301F-11D3-BF4B-00C04F79EFBC}") = "Unity.Burst.Editor", "Unity.Burst.Editor.csproj", "{5FB21EF3-82AC-8A24-8D00-6C66F97369A5}"
EndProject
Project("{FAE04EC0-301F-11D3-BF4B-00C04F79EFBC}") = "Unity.2D.IK.Editor", "Unity.2D.IK.Editor.csproj", "{7B57499C-E655-B928-BDC8-0BBF1C24D77B}"
EndProject
Project("{FAE04EC0-301F-11D3-BF4B-00C04F79EFBC}") = "Unity.ShaderGraph.Utilities", "Unity.ShaderGraph.Utilities.csproj", "{8D8B3B53-F451-EE36-08BC-2CD1BC632225}"
EndProject
Project("{FAE04EC0-301F-11D3-BF4B-00C04F79EFBC}") = "Unity.Mathematics.Editor", "Unity.Mathematics.Editor.csproj", "{3C386329-354C-1F25-9962-A594B2F2D6C0}"
EndProject
Project("{FAE04EC0-301F-11D3-BF4B-00C04F79EFBC}") = "Assembly-CSharp-Editor", "Assembly-CSharp-Editor.csproj", "{F0BEA5BF-41B6-B15C-CCBA-BABD728F62C7}"
EndProject
Project("{FAE04EC0-301F-11D3-BF4B-00C04F79EFBC}") = "Unity.2D.Tilemap.Extras.Editor", "Unity.2D.Tilemap.Extras.Editor.csproj", "{04DCA9AC-21E1-C51A-8D95-5ADF73D6A384}"
EndProject
Project("{FAE04EC0-301F-11D3-BF4B-00C04F79EFBC}") = "Unity.InternalAPIEditorBridge.001", "Unity.InternalAPIEditorBridge.001.csproj", "{AF17410B-88DB-47E0-DF14-20CDBFFCF3AA}"
EndProject
Project("{FAE04EC0-301F-11D3-BF4B-00C04F79EFBC}") = "Unity.VisualScripting.Shared.Editor", "Unity.VisualScripting.Shared.Editor.csproj", "{7494C5A3-CD1C-E760-8B86-C5F0BE556860}"
EndProject
Global
	GlobalSection(SolutionConfigurationPlatforms) = preSolution
		Debug|Any CPU = Debug|Any CPU
		Release|Any CPU = Release|Any CPU
	EndGlobalSection
	GlobalSection(ProjectConfigurationPlatforms) = postSolution
		{5E350642-1794-A0C7-A278-CE85C87B2CA3}.Debug|Any CPU.ActiveCfg = Debug|Any CPU
		{5E350642-1794-A0C7-A278-CE85C87B2CA3}.Debug|Any CPU.Build.0 = Debug|Any CPU
		{5E350642-1794-A0C7-A278-CE85C87B2CA3}.Release|Any CPU.ActiveCfg = Release|Any CPU
		{5E350642-1794-A0C7-A278-CE85C87B2CA3}.Release|Any CPU.Build.0 = Release|Any CPU
		{A4F8F9C5-8074-0AEB-B882-340AE5A9BEE5}.Debug|Any CPU.ActiveCfg = Debug|Any CPU
		{A4F8F9C5-8074-0AEB-B882-340AE5A9BEE5}.Debug|Any CPU.Build.0 = Debug|Any CPU
		{A4F8F9C5-8074-0AEB-B882-340AE5A9BEE5}.Release|Any CPU.ActiveCfg = Release|Any CPU
		{A4F8F9C5-8074-0AEB-B882-340AE5A9BEE5}.Release|Any CPU.Build.0 = Release|Any CPU
		{814BDBD2-1B7F-E775-8A40-42BF82AD0DEE}.Debug|Any CPU.ActiveCfg = Debug|Any CPU
		{814BDBD2-1B7F-E775-8A40-42BF82AD0DEE}.Debug|Any CPU.Build.0 = Debug|Any CPU
		{814BDBD2-1B7F-E775-8A40-42BF82AD0DEE}.Release|Any CPU.ActiveCfg = Release|Any CPU
		{814BDBD2-1B7F-E775-8A40-42BF82AD0DEE}.Release|Any CPU.Build.0 = Release|Any CPU
		{94B28765-35CC-4B34-9D46-EF665A819C5D}.Debug|Any CPU.ActiveCfg = Debug|Any CPU
		{94B28765-35CC-4B34-9D46-EF665A819C5D}.Debug|Any CPU.Build.0 = Debug|Any CPU
		{94B28765-35CC-4B34-9D46-EF665A819C5D}.Release|Any CPU.ActiveCfg = Release|Any CPU
		{94B28765-35CC-4B34-9D46-EF665A819C5D}.Release|Any CPU.Build.0 = Release|Any CPU
		{AE268CA2-497F-E968-27FB-794A3EB01780}.Debug|Any CPU.ActiveCfg = Debug|Any CPU
		{AE268CA2-497F-E968-27FB-794A3EB01780}.Debug|Any CPU.Build.0 = Debug|Any CPU
		{AE268CA2-497F-E968-27FB-794A3EB01780}.Release|Any CPU.ActiveCfg = Release|Any CPU
		{AE268CA2-497F-E968-27FB-794A3EB01780}.Release|Any CPU.Build.0 = Release|Any CPU
		{E035FE7F-C6B3-96E2-AF03-A31177AE5F33}.Debug|Any CPU.ActiveCfg = Debug|Any CPU
		{E035FE7F-C6B3-96E2-AF03-A31177AE5F33}.Debug|Any CPU.Build.0 = Debug|Any CPU
		{E035FE7F-C6B3-96E2-AF03-A31177AE5F33}.Release|Any CPU.ActiveCfg = Release|Any CPU
		{E035FE7F-C6B3-96E2-AF03-A31177AE5F33}.Release|Any CPU.Build.0 = Release|Any CPU
		{D0A950DA-A700-8190-5A61-A0DFB5B5C24C}.Debug|Any CPU.ActiveCfg = Debug|Any CPU
		{D0A950DA-A700-8190-5A61-A0DFB5B5C24C}.Debug|Any CPU.Build.0 = Debug|Any CPU
		{D0A950DA-A700-8190-5A61-A0DFB5B5C24C}.Release|Any CPU.ActiveCfg = Release|Any CPU
		{D0A950DA-A700-8190-5A61-A0DFB5B5C24C}.Release|Any CPU.Build.0 = Release|Any CPU
		{185FA60E-A2DF-67FD-0333-57E8D93F4522}.Debug|Any CPU.ActiveCfg = Debug|Any CPU
		{185FA60E-A2DF-67FD-0333-57E8D93F4522}.Debug|Any CPU.Build.0 = Debug|Any CPU
		{185FA60E-A2DF-67FD-0333-57E8D93F4522}.Release|Any CPU.ActiveCfg = Release|Any CPU
		{185FA60E-A2DF-67FD-0333-57E8D93F4522}.Release|Any CPU.Build.0 = Release|Any CPU
		{1D3399D9-354F-B2F2-3DC5-58FBF5CD8B94}.Debug|Any CPU.ActiveCfg = Debug|Any CPU
		{1D3399D9-354F-B2F2-3DC5-58FBF5CD8B94}.Debug|Any CPU.Build.0 = Debug|Any CPU
		{1D3399D9-354F-B2F2-3DC5-58FBF5CD8B94}.Release|Any CPU.ActiveCfg = Release|Any CPU
		{1D3399D9-354F-B2F2-3DC5-58FBF5CD8B94}.Release|Any CPU.Build.0 = Release|Any CPU
		{317D6840-9373-E701-C76D-D54194ED61A4}.Debug|Any CPU.ActiveCfg = Debug|Any CPU
		{317D6840-9373-E701-C76D-D54194ED61A4}.Debug|Any CPU.Build.0 = Debug|Any CPU
		{317D6840-9373-E701-C76D-D54194ED61A4}.Release|Any CPU.ActiveCfg = Release|Any CPU
		{317D6840-9373-E701-C76D-D54194ED61A4}.Release|Any CPU.Build.0 = Release|Any CPU
		{7456FDBD-FD31-F917-83A5-F84CBF17214F}.Debug|Any CPU.ActiveCfg = Debug|Any CPU
		{7456FDBD-FD31-F917-83A5-F84CBF17214F}.Debug|Any CPU.Build.0 = Debug|Any CPU
		{7456FDBD-FD31-F917-83A5-F84CBF17214F}.Release|Any CPU.ActiveCfg = Release|Any CPU
		{7456FDBD-FD31-F917-83A5-F84CBF17214F}.Release|Any CPU.Build.0 = Release|Any CPU
		{DE30684F-DD53-4EE4-6E7F-3892A8F4EE96}.Debug|Any CPU.ActiveCfg = Debug|Any CPU
		{DE30684F-DD53-4EE4-6E7F-3892A8F4EE96}.Debug|Any CPU.Build.0 = Debug|Any CPU
		{DE30684F-DD53-4EE4-6E7F-3892A8F4EE96}.Release|Any CPU.ActiveCfg = Release|Any CPU
		{DE30684F-DD53-4EE4-6E7F-3892A8F4EE96}.Release|Any CPU.Build.0 = Release|Any CPU
		{9865D753-D595-289E-C5E6-7AFB27E9ABBB}.Debug|Any CPU.ActiveCfg = Debug|Any CPU
		{9865D753-D595-289E-C5E6-7AFB27E9ABBB}.Debug|Any CPU.Build.0 = Debug|Any CPU
		{9865D753-D595-289E-C5E6-7AFB27E9ABBB}.Release|Any CPU.ActiveCfg = Release|Any CPU
		{9865D753-D595-289E-C5E6-7AFB27E9ABBB}.Release|Any CPU.Build.0 = Release|Any CPU
		{A8F1BE6A-0377-0DD8-3155-743766873420}.Debug|Any CPU.ActiveCfg = Debug|Any CPU
		{A8F1BE6A-0377-0DD8-3155-743766873420}.Debug|Any CPU.Build.0 = Debug|Any CPU
		{A8F1BE6A-0377-0DD8-3155-743766873420}.Release|Any CPU.ActiveCfg = Release|Any CPU
		{A8F1BE6A-0377-0DD8-3155-743766873420}.Release|Any CPU.Build.0 = Release|Any CPU
		{3740BB30-341F-8798-9484-3EB4B95DF9B1}.Debug|Any CPU.ActiveCfg = Debug|Any CPU
		{3740BB30-341F-8798-9484-3EB4B95DF9B1}.Debug|Any CPU.Build.0 = Debug|Any CPU
		{3740BB30-341F-8798-9484-3EB4B95DF9B1}.Release|Any CPU.ActiveCfg = Release|Any CPU
		{3740BB30-341F-8798-9484-3EB4B95DF9B1}.Release|Any CPU.Build.0 = Release|Any CPU
		{177CE93E-EBFF-2457-C41B-DEA34E7C4EE4}.Debug|Any CPU.ActiveCfg = Debug|Any CPU
		{177CE93E-EBFF-2457-C41B-DEA34E7C4EE4}.Debug|Any CPU.Build.0 = Debug|Any CPU
		{177CE93E-EBFF-2457-C41B-DEA34E7C4EE4}.Release|Any CPU.ActiveCfg = Release|Any CPU
		{177CE93E-EBFF-2457-C41B-DEA34E7C4EE4}.Release|Any CPU.Build.0 = Release|Any CPU
		{1B016D33-26E5-921D-27F3-94A9F83591B6}.Debug|Any CPU.ActiveCfg = Debug|Any CPU
		{1B016D33-26E5-921D-27F3-94A9F83591B6}.Debug|Any CPU.Build.0 = Debug|Any CPU
		{1B016D33-26E5-921D-27F3-94A9F83591B6}.Release|Any CPU.ActiveCfg = Release|Any CPU
		{1B016D33-26E5-921D-27F3-94A9F83591B6}.Release|Any CPU.Build.0 = Release|Any CPU
		{1EA4296F-81C1-1AC0-81E3-4BB1CE332ECB}.Debug|Any CPU.ActiveCfg = Debug|Any CPU
		{1EA4296F-81C1-1AC0-81E3-4BB1CE332ECB}.Debug|Any CPU.Build.0 = Debug|Any CPU
		{1EA4296F-81C1-1AC0-81E3-4BB1CE332ECB}.Release|Any CPU.ActiveCfg = Release|Any CPU
		{1EA4296F-81C1-1AC0-81E3-4BB1CE332ECB}.Release|Any CPU.Build.0 = Release|Any CPU
		{F2044FE4-594B-B4AA-9C8F-F7861D275CD8}.Debug|Any CPU.ActiveCfg = Debug|Any CPU
		{F2044FE4-594B-B4AA-9C8F-F7861D275CD8}.Debug|Any CPU.Build.0 = Debug|Any CPU
		{F2044FE4-594B-B4AA-9C8F-F7861D275CD8}.Release|Any CPU.ActiveCfg = Release|Any CPU
		{F2044FE4-594B-B4AA-9C8F-F7861D275CD8}.Release|Any CPU.Build.0 = Release|Any CPU
		{6D653C49-E5CD-C86D-CFD0-018FFDE314D2}.Debug|Any CPU.ActiveCfg = Debug|Any CPU
		{6D653C49-E5CD-C86D-CFD0-018FFDE314D2}.Debug|Any CPU.Build.0 = Debug|Any CPU
		{6D653C49-E5CD-C86D-CFD0-018FFDE314D2}.Release|Any CPU.ActiveCfg = Release|Any CPU
		{6D653C49-E5CD-C86D-CFD0-018FFDE314D2}.Release|Any CPU.Build.0 = Release|Any CPU
		{6D9097C2-E8A4-F498-46BD-DE8EFD3BB1C5}.Debug|Any CPU.ActiveCfg = Debug|Any CPU
		{6D9097C2-E8A4-F498-46BD-DE8EFD3BB1C5}.Debug|Any CPU.Build.0 = Debug|Any CPU
		{6D9097C2-E8A4-F498-46BD-DE8EFD3BB1C5}.Release|Any CPU.ActiveCfg = Release|Any CPU
		{6D9097C2-E8A4-F498-46BD-DE8EFD3BB1C5}.Release|Any CPU.Build.0 = Release|Any CPU
		{0B1B16B2-E172-6203-4AF8-02BD11217B1A}.Debug|Any CPU.ActiveCfg = Debug|Any CPU
		{0B1B16B2-E172-6203-4AF8-02BD11217B1A}.Debug|Any CPU.Build.0 = Debug|Any CPU
		{0B1B16B2-E172-6203-4AF8-02BD11217B1A}.Release|Any CPU.ActiveCfg = Release|Any CPU
		{0B1B16B2-E172-6203-4AF8-02BD11217B1A}.Release|Any CPU.Build.0 = Release|Any CPU
		{C8C6D135-BA23-2CE1-F07D-434B5A8646F3}.Debug|Any CPU.ActiveCfg = Debug|Any CPU
		{C8C6D135-BA23-2CE1-F07D-434B5A8646F3}.Debug|Any CPU.Build.0 = Debug|Any CPU
		{C8C6D135-BA23-2CE1-F07D-434B5A8646F3}.Release|Any CPU.ActiveCfg = Release|Any CPU
		{C8C6D135-BA23-2CE1-F07D-434B5A8646F3}.Release|Any CPU.Build.0 = Release|Any CPU
		{12C18D0F-9736-B357-7874-E04596407049}.Debug|Any CPU.ActiveCfg = Debug|Any CPU
		{12C18D0F-9736-B357-7874-E04596407049}.Debug|Any CPU.Build.0 = Debug|Any CPU
		{12C18D0F-9736-B357-7874-E04596407049}.Release|Any CPU.ActiveCfg = Release|Any CPU
		{12C18D0F-9736-B357-7874-E04596407049}.Release|Any CPU.Build.0 = Release|Any CPU
		{F949B64C-3576-6C5D-E23A-84D8AB1BEB6D}.Debug|Any CPU.ActiveCfg = Debug|Any CPU
		{F949B64C-3576-6C5D-E23A-84D8AB1BEB6D}.Debug|Any CPU.Build.0 = Debug|Any CPU
		{F949B64C-3576-6C5D-E23A-84D8AB1BEB6D}.Release|Any CPU.ActiveCfg = Release|Any CPU
		{F949B64C-3576-6C5D-E23A-84D8AB1BEB6D}.Release|Any CPU.Build.0 = Release|Any CPU
		{CF1DAC05-703D-A43D-17D3-7E2204C16FD1}.Debug|Any CPU.ActiveCfg = Debug|Any CPU
		{CF1DAC05-703D-A43D-17D3-7E2204C16FD1}.Debug|Any CPU.Build.0 = Debug|Any CPU
		{CF1DAC05-703D-A43D-17D3-7E2204C16FD1}.Release|Any CPU.ActiveCfg = Release|Any CPU
		{CF1DAC05-703D-A43D-17D3-7E2204C16FD1}.Release|Any CPU.Build.0 = Release|Any CPU
		{1EB6CBFB-A4D8-55F7-786D-F1892ECBDA3E}.Debug|Any CPU.ActiveCfg = Debug|Any CPU
		{1EB6CBFB-A4D8-55F7-786D-F1892ECBDA3E}.Debug|Any CPU.Build.0 = Debug|Any CPU
		{1EB6CBFB-A4D8-55F7-786D-F1892ECBDA3E}.Release|Any CPU.ActiveCfg = Release|Any CPU
		{1EB6CBFB-A4D8-55F7-786D-F1892ECBDA3E}.Release|Any CPU.Build.0 = Release|Any CPU
		{B8B3CCEB-0186-EB9B-E54C-FAE4813909A5}.Debug|Any CPU.ActiveCfg = Debug|Any CPU
		{B8B3CCEB-0186-EB9B-E54C-FAE4813909A5}.Debug|Any CPU.Build.0 = Debug|Any CPU
		{B8B3CCEB-0186-EB9B-E54C-FAE4813909A5}.Release|Any CPU.ActiveCfg = Release|Any CPU
		{B8B3CCEB-0186-EB9B-E54C-FAE4813909A5}.Release|Any CPU.Build.0 = Release|Any CPU
		{E08B260B-6467-5B8E-4677-383627D6317F}.Debug|Any CPU.ActiveCfg = Debug|Any CPU
		{E08B260B-6467-5B8E-4677-383627D6317F}.Debug|Any CPU.Build.0 = Debug|Any CPU
		{E08B260B-6467-5B8E-4677-383627D6317F}.Release|Any CPU.ActiveCfg = Release|Any CPU
		{E08B260B-6467-5B8E-4677-383627D6317F}.Release|Any CPU.Build.0 = Release|Any CPU
		{FA7438B8-7D7F-8D2E-6A62-B05A56039236}.Debug|Any CPU.ActiveCfg = Debug|Any CPU
		{FA7438B8-7D7F-8D2E-6A62-B05A56039236}.Debug|Any CPU.Build.0 = Debug|Any CPU
		{FA7438B8-7D7F-8D2E-6A62-B05A56039236}.Release|Any CPU.ActiveCfg = Release|Any CPU
		{FA7438B8-7D7F-8D2E-6A62-B05A56039236}.Release|Any CPU.Build.0 = Release|Any CPU
		{27E4EC5B-EFA6-88B8-8738-1C97FB47C32A}.Debug|Any CPU.ActiveCfg = Debug|Any CPU
		{27E4EC5B-EFA6-88B8-8738-1C97FB47C32A}.Debug|Any CPU.Build.0 = Debug|Any CPU
		{27E4EC5B-EFA6-88B8-8738-1C97FB47C32A}.Release|Any CPU.ActiveCfg = Release|Any CPU
		{27E4EC5B-EFA6-88B8-8738-1C97FB47C32A}.Release|Any CPU.Build.0 = Release|Any CPU
		{02859A57-046E-9A6C-06BB-AE9A36D18719}.Debug|Any CPU.ActiveCfg = Debug|Any CPU
		{02859A57-046E-9A6C-06BB-AE9A36D18719}.Debug|Any CPU.Build.0 = Debug|Any CPU
		{02859A57-046E-9A6C-06BB-AE9A36D18719}.Release|Any CPU.ActiveCfg = Release|Any CPU
		{02859A57-046E-9A6C-06BB-AE9A36D18719}.Release|Any CPU.Build.0 = Release|Any CPU
		{CE093CCE-E97B-2835-B53D-F272B45752E5}.Debug|Any CPU.ActiveCfg = Debug|Any CPU
		{CE093CCE-E97B-2835-B53D-F272B45752E5}.Debug|Any CPU.Build.0 = Debug|Any CPU
		{CE093CCE-E97B-2835-B53D-F272B45752E5}.Release|Any CPU.ActiveCfg = Release|Any CPU
		{CE093CCE-E97B-2835-B53D-F272B45752E5}.Release|Any CPU.Build.0 = Release|Any CPU
		{880E13ED-19E6-EA9D-D0B0-66C8B41B0631}.Debug|Any CPU.ActiveCfg = Debug|Any CPU
		{880E13ED-19E6-EA9D-D0B0-66C8B41B0631}.Debug|Any CPU.Build.0 = Debug|Any CPU
		{880E13ED-19E6-EA9D-D0B0-66C8B41B0631}.Release|Any CPU.ActiveCfg = Release|Any CPU
		{880E13ED-19E6-EA9D-D0B0-66C8B41B0631}.Release|Any CPU.Build.0 = Release|Any CPU
		{B8ABC6AD-6D18-3CE3-B7A8-B6B88B090806}.Debug|Any CPU.ActiveCfg = Debug|Any CPU
		{B8ABC6AD-6D18-3CE3-B7A8-B6B88B090806}.Debug|Any CPU.Build.0 = Debug|Any CPU
		{B8ABC6AD-6D18-3CE3-B7A8-B6B88B090806}.Release|Any CPU.ActiveCfg = Release|Any CPU
		{B8ABC6AD-6D18-3CE3-B7A8-B6B88B090806}.Release|Any CPU.Build.0 = Release|Any CPU
		{F8D81606-9D78-6521-B808-CC6D825E7D5F}.Debug|Any CPU.ActiveCfg = Debug|Any CPU
		{F8D81606-9D78-6521-B808-CC6D825E7D5F}.Debug|Any CPU.Build.0 = Debug|Any CPU
		{F8D81606-9D78-6521-B808-CC6D825E7D5F}.Release|Any CPU.ActiveCfg = Release|Any CPU
		{F8D81606-9D78-6521-B808-CC6D825E7D5F}.Release|Any CPU.Build.0 = Release|Any CPU
		{AA6DAAED-5349-4625-F8B3-65D20750A106}.Debug|Any CPU.ActiveCfg = Debug|Any CPU
		{AA6DAAED-5349-4625-F8B3-65D20750A106}.Debug|Any CPU.Build.0 = Debug|Any CPU
		{AA6DAAED-5349-4625-F8B3-65D20750A106}.Release|Any CPU.ActiveCfg = Release|Any CPU
		{AA6DAAED-5349-4625-F8B3-65D20750A106}.Release|Any CPU.Build.0 = Release|Any CPU
		{74D65F41-4180-A2BE-BB08-B873064FCA55}.Debug|Any CPU.ActiveCfg = Debug|Any CPU
		{74D65F41-4180-A2BE-BB08-B873064FCA55}.Debug|Any CPU.Build.0 = Debug|Any CPU
		{74D65F41-4180-A2BE-BB08-B873064FCA55}.Release|Any CPU.ActiveCfg = Release|Any CPU
		{74D65F41-4180-A2BE-BB08-B873064FCA55}.Release|Any CPU.Build.0 = Release|Any CPU
		{22DB0581-70AD-8513-EE0D-4A6D562C4C42}.Debug|Any CPU.ActiveCfg = Debug|Any CPU
		{22DB0581-70AD-8513-EE0D-4A6D562C4C42}.Debug|Any CPU.Build.0 = Debug|Any CPU
		{22DB0581-70AD-8513-EE0D-4A6D562C4C42}.Release|Any CPU.ActiveCfg = Release|Any CPU
		{22DB0581-70AD-8513-EE0D-4A6D562C4C42}.Release|Any CPU.Build.0 = Release|Any CPU
		{2478C457-6A3F-3132-F5EE-D9A5412594AB}.Debug|Any CPU.ActiveCfg = Debug|Any CPU
		{2478C457-6A3F-3132-F5EE-D9A5412594AB}.Debug|Any CPU.Build.0 = Debug|Any CPU
		{2478C457-6A3F-3132-F5EE-D9A5412594AB}.Release|Any CPU.ActiveCfg = Release|Any CPU
		{2478C457-6A3F-3132-F5EE-D9A5412594AB}.Release|Any CPU.Build.0 = Release|Any CPU
		{9728E7BC-EFED-6336-D6A5-E0977FE0452F}.Debug|Any CPU.ActiveCfg = Debug|Any CPU
		{9728E7BC-EFED-6336-D6A5-E0977FE0452F}.Debug|Any CPU.Build.0 = Debug|Any CPU
		{9728E7BC-EFED-6336-D6A5-E0977FE0452F}.Release|Any CPU.ActiveCfg = Release|Any CPU
		{9728E7BC-EFED-6336-D6A5-E0977FE0452F}.Release|Any CPU.Build.0 = Release|Any CPU
		{DCD10EE1-2139-8742-DB79-11FD56C8E50F}.Debug|Any CPU.ActiveCfg = Debug|Any CPU
		{DCD10EE1-2139-8742-DB79-11FD56C8E50F}.Debug|Any CPU.Build.0 = Debug|Any CPU
		{DCD10EE1-2139-8742-DB79-11FD56C8E50F}.Release|Any CPU.ActiveCfg = Release|Any CPU
		{DCD10EE1-2139-8742-DB79-11FD56C8E50F}.Release|Any CPU.Build.0 = Release|Any CPU
		{F6F51850-243B-AC65-AA86-9C97E1B1D374}.Debug|Any CPU.ActiveCfg = Debug|Any CPU
		{F6F51850-243B-AC65-AA86-9C97E1B1D374}.Debug|Any CPU.Build.0 = Debug|Any CPU
		{F6F51850-243B-AC65-AA86-9C97E1B1D374}.Release|Any CPU.ActiveCfg = Release|Any CPU
		{F6F51850-243B-AC65-AA86-9C97E1B1D374}.Release|Any CPU.Build.0 = Release|Any CPU
		{C62C778B-E4DC-8B54-F07E-53915468823C}.Debug|Any CPU.ActiveCfg = Debug|Any CPU
		{C62C778B-E4DC-8B54-F07E-53915468823C}.Debug|Any CPU.Build.0 = Debug|Any CPU
		{C62C778B-E4DC-8B54-F07E-53915468823C}.Release|Any CPU.ActiveCfg = Release|Any CPU
		{C62C778B-E4DC-8B54-F07E-53915468823C}.Release|Any CPU.Build.0 = Release|Any CPU
		{B09A80BB-5D89-C781-E04C-073F7891DD15}.Debug|Any CPU.ActiveCfg = Debug|Any CPU
		{B09A80BB-5D89-C781-E04C-073F7891DD15}.Debug|Any CPU.Build.0 = Debug|Any CPU
		{B09A80BB-5D89-C781-E04C-073F7891DD15}.Release|Any CPU.ActiveCfg = Release|Any CPU
		{B09A80BB-5D89-C781-E04C-073F7891DD15}.Release|Any CPU.Build.0 = Release|Any CPU
		{F71D5D75-480E-DA39-2839-BBBB8F53E606}.Debug|Any CPU.ActiveCfg = Debug|Any CPU
		{F71D5D75-480E-DA39-2839-BBBB8F53E606}.Debug|Any CPU.Build.0 = Debug|Any CPU
		{F71D5D75-480E-DA39-2839-BBBB8F53E606}.Release|Any CPU.ActiveCfg = Release|Any CPU
		{F71D5D75-480E-DA39-2839-BBBB8F53E606}.Release|Any CPU.Build.0 = Release|Any CPU
		{C733971D-254C-7522-B31C-B4E99E090BAF}.Debug|Any CPU.ActiveCfg = Debug|Any CPU
		{C733971D-254C-7522-B31C-B4E99E090BAF}.Debug|Any CPU.Build.0 = Debug|Any CPU
		{C733971D-254C-7522-B31C-B4E99E090BAF}.Release|Any CPU.ActiveCfg = Release|Any CPU
		{C733971D-254C-7522-B31C-B4E99E090BAF}.Release|Any CPU.Build.0 = Release|Any CPU
		{39DFF0C1-1D74-9EB3-E250-A996472D7547}.Debug|Any CPU.ActiveCfg = Debug|Any CPU
		{39DFF0C1-1D74-9EB3-E250-A996472D7547}.Debug|Any CPU.Build.0 = Debug|Any CPU
		{39DFF0C1-1D74-9EB3-E250-A996472D7547}.Release|Any CPU.ActiveCfg = Release|Any CPU
		{39DFF0C1-1D74-9EB3-E250-A996472D7547}.Release|Any CPU.Build.0 = Release|Any CPU
		{AE7FD4E2-3B0B-5110-5B3E-943332ED5F71}.Debug|Any CPU.ActiveCfg = Debug|Any CPU
		{AE7FD4E2-3B0B-5110-5B3E-943332ED5F71}.Debug|Any CPU.Build.0 = Debug|Any CPU
		{AE7FD4E2-3B0B-5110-5B3E-943332ED5F71}.Release|Any CPU.ActiveCfg = Release|Any CPU
		{AE7FD4E2-3B0B-5110-5B3E-943332ED5F71}.Release|Any CPU.Build.0 = Release|Any CPU
		{F39526D4-9F02-09C0-1499-B958EF06AA95}.Debug|Any CPU.ActiveCfg = Debug|Any CPU
		{F39526D4-9F02-09C0-1499-B958EF06AA95}.Debug|Any CPU.Build.0 = Debug|Any CPU
		{F39526D4-9F02-09C0-1499-B958EF06AA95}.Release|Any CPU.ActiveCfg = Release|Any CPU
		{F39526D4-9F02-09C0-1499-B958EF06AA95}.Release|Any CPU.Build.0 = Release|Any CPU
		{56E0F558-6673-1295-4615-87156AE72962}.Debug|Any CPU.ActiveCfg = Debug|Any CPU
		{56E0F558-6673-1295-4615-87156AE72962}.Debug|Any CPU.Build.0 = Debug|Any CPU
		{56E0F558-6673-1295-4615-87156AE72962}.Release|Any CPU.ActiveCfg = Release|Any CPU
		{56E0F558-6673-1295-4615-87156AE72962}.Release|Any CPU.Build.0 = Release|Any CPU
		{AD38421C-9FA2-B09F-3B5B-61180B8636FD}.Debug|Any CPU.ActiveCfg = Debug|Any CPU
		{AD38421C-9FA2-B09F-3B5B-61180B8636FD}.Debug|Any CPU.Build.0 = Debug|Any CPU
		{AD38421C-9FA2-B09F-3B5B-61180B8636FD}.Release|Any CPU.ActiveCfg = Release|Any CPU
		{AD38421C-9FA2-B09F-3B5B-61180B8636FD}.Release|Any CPU.Build.0 = Release|Any CPU
		{65767AC2-2789-165E-4423-541D55D0F31F}.Debug|Any CPU.ActiveCfg = Debug|Any CPU
		{65767AC2-2789-165E-4423-541D55D0F31F}.Debug|Any CPU.Build.0 = Debug|Any CPU
		{65767AC2-2789-165E-4423-541D55D0F31F}.Release|Any CPU.ActiveCfg = Release|Any CPU
		{65767AC2-2789-165E-4423-541D55D0F31F}.Release|Any CPU.Build.0 = Release|Any CPU
		{7AA5003A-60A8-CDA4-B1AC-9FDFB3C91530}.Debug|Any CPU.ActiveCfg = Debug|Any CPU
		{7AA5003A-60A8-CDA4-B1AC-9FDFB3C91530}.Debug|Any CPU.Build.0 = Debug|Any CPU
		{7AA5003A-60A8-CDA4-B1AC-9FDFB3C91530}.Release|Any CPU.ActiveCfg = Release|Any CPU
		{7AA5003A-60A8-CDA4-B1AC-9FDFB3C91530}.Release|Any CPU.Build.0 = Release|Any CPU
		{FBDE636E-76DF-380F-25D8-91F73A8E7CAE}.Debug|Any CPU.ActiveCfg = Debug|Any CPU
		{FBDE636E-76DF-380F-25D8-91F73A8E7CAE}.Debug|Any CPU.Build.0 = Debug|Any CPU
		{FBDE636E-76DF-380F-25D8-91F73A8E7CAE}.Release|Any CPU.ActiveCfg = Release|Any CPU
		{FBDE636E-76DF-380F-25D8-91F73A8E7CAE}.Release|Any CPU.Build.0 = Release|Any CPU
		{940C9FAD-7096-F72B-5F46-19F09574CB5C}.Debug|Any CPU.ActiveCfg = Debug|Any CPU
		{940C9FAD-7096-F72B-5F46-19F09574CB5C}.Debug|Any CPU.Build.0 = Debug|Any CPU
		{940C9FAD-7096-F72B-5F46-19F09574CB5C}.Release|Any CPU.ActiveCfg = Release|Any CPU
		{940C9FAD-7096-F72B-5F46-19F09574CB5C}.Release|Any CPU.Build.0 = Release|Any CPU
		{6AF6878E-38A3-3CA8-A5F6-B080CA145736}.Debug|Any CPU.ActiveCfg = Debug|Any CPU
		{6AF6878E-38A3-3CA8-A5F6-B080CA145736}.Debug|Any CPU.Build.0 = Debug|Any CPU
		{6AF6878E-38A3-3CA8-A5F6-B080CA145736}.Release|Any CPU.ActiveCfg = Release|Any CPU
		{6AF6878E-38A3-3CA8-A5F6-B080CA145736}.Release|Any CPU.Build.0 = Release|Any CPU
		{B071C1BD-F937-A14C-B308-D299384FAC43}.Debug|Any CPU.ActiveCfg = Debug|Any CPU
		{B071C1BD-F937-A14C-B308-D299384FAC43}.Debug|Any CPU.Build.0 = Debug|Any CPU
		{B071C1BD-F937-A14C-B308-D299384FAC43}.Release|Any CPU.ActiveCfg = Release|Any CPU
		{B071C1BD-F937-A14C-B308-D299384FAC43}.Release|Any CPU.Build.0 = Release|Any CPU
		{825CF7BE-78F3-3EA9-A39B-A43438475D1A}.Debug|Any CPU.ActiveCfg = Debug|Any CPU
		{825CF7BE-78F3-3EA9-A39B-A43438475D1A}.Debug|Any CPU.Build.0 = Debug|Any CPU
		{825CF7BE-78F3-3EA9-A39B-A43438475D1A}.Release|Any CPU.ActiveCfg = Release|Any CPU
		{825CF7BE-78F3-3EA9-A39B-A43438475D1A}.Release|Any CPU.Build.0 = Release|Any CPU
		{7BB97317-2226-4802-C97F-8C78D597C35F}.Debug|Any CPU.ActiveCfg = Debug|Any CPU
		{7BB97317-2226-4802-C97F-8C78D597C35F}.Debug|Any CPU.Build.0 = Debug|Any CPU
		{7BB97317-2226-4802-C97F-8C78D597C35F}.Release|Any CPU.ActiveCfg = Release|Any CPU
		{7BB97317-2226-4802-C97F-8C78D597C35F}.Release|Any CPU.Build.0 = Release|Any CPU
		{97719B23-25F9-AA89-60BA-5B04CD2A798B}.Debug|Any CPU.ActiveCfg = Debug|Any CPU
		{97719B23-25F9-AA89-60BA-5B04CD2A798B}.Debug|Any CPU.Build.0 = Debug|Any CPU
		{97719B23-25F9-AA89-60BA-5B04CD2A798B}.Release|Any CPU.ActiveCfg = Release|Any CPU
		{97719B23-25F9-AA89-60BA-5B04CD2A798B}.Release|Any CPU.Build.0 = Release|Any CPU
		{E13B4F6F-8C8B-7471-6966-BB87A5C8BF90}.Debug|Any CPU.ActiveCfg = Debug|Any CPU
		{E13B4F6F-8C8B-7471-6966-BB87A5C8BF90}.Debug|Any CPU.Build.0 = Debug|Any CPU
		{E13B4F6F-8C8B-7471-6966-BB87A5C8BF90}.Release|Any CPU.ActiveCfg = Release|Any CPU
		{E13B4F6F-8C8B-7471-6966-BB87A5C8BF90}.Release|Any CPU.Build.0 = Release|Any CPU
		{7CF28CD9-7D67-5BC6-4A2A-5ADA36F2B680}.Debug|Any CPU.ActiveCfg = Debug|Any CPU
		{7CF28CD9-7D67-5BC6-4A2A-5ADA36F2B680}.Debug|Any CPU.Build.0 = Debug|Any CPU
		{7CF28CD9-7D67-5BC6-4A2A-5ADA36F2B680}.Release|Any CPU.ActiveCfg = Release|Any CPU
		{7CF28CD9-7D67-5BC6-4A2A-5ADA36F2B680}.Release|Any CPU.Build.0 = Release|Any CPU
		{0382FDD5-B2C5-E983-8772-29D26276FBAF}.Debug|Any CPU.ActiveCfg = Debug|Any CPU
		{0382FDD5-B2C5-E983-8772-29D26276FBAF}.Debug|Any CPU.Build.0 = Debug|Any CPU
		{0382FDD5-B2C5-E983-8772-29D26276FBAF}.Release|Any CPU.ActiveCfg = Release|Any CPU
		{0382FDD5-B2C5-E983-8772-29D26276FBAF}.Release|Any CPU.Build.0 = Release|Any CPU
		{F4D32142-1A53-5FB1-D028-122BA6D4DEC6}.Debug|Any CPU.ActiveCfg = Debug|Any CPU
		{F4D32142-1A53-5FB1-D028-122BA6D4DEC6}.Debug|Any CPU.Build.0 = Debug|Any CPU
		{F4D32142-1A53-5FB1-D028-122BA6D4DEC6}.Release|Any CPU.ActiveCfg = Release|Any CPU
		{F4D32142-1A53-5FB1-D028-122BA6D4DEC6}.Release|Any CPU.Build.0 = Release|Any CPU
		{B790868F-4CB8-5DC6-B662-8422E72E464E}.Debug|Any CPU.ActiveCfg = Debug|Any CPU
		{B790868F-4CB8-5DC6-B662-8422E72E464E}.Debug|Any CPU.Build.0 = Debug|Any CPU
		{B790868F-4CB8-5DC6-B662-8422E72E464E}.Release|Any CPU.ActiveCfg = Release|Any CPU
		{B790868F-4CB8-5DC6-B662-8422E72E464E}.Release|Any CPU.Build.0 = Release|Any CPU
		{F3DDAAD2-D1F7-9C6D-BFB4-A6F39756D6A5}.Debug|Any CPU.ActiveCfg = Debug|Any CPU
		{F3DDAAD2-D1F7-9C6D-BFB4-A6F39756D6A5}.Debug|Any CPU.Build.0 = Debug|Any CPU
		{F3DDAAD2-D1F7-9C6D-BFB4-A6F39756D6A5}.Release|Any CPU.ActiveCfg = Release|Any CPU
		{F3DDAAD2-D1F7-9C6D-BFB4-A6F39756D6A5}.Release|Any CPU.Build.0 = Release|Any CPU
		{5FB21EF3-82AC-8A24-8D00-6C66F97369A5}.Debug|Any CPU.ActiveCfg = Debug|Any CPU
		{5FB21EF3-82AC-8A24-8D00-6C66F97369A5}.Debug|Any CPU.Build.0 = Debug|Any CPU
		{5FB21EF3-82AC-8A24-8D00-6C66F97369A5}.Release|Any CPU.ActiveCfg = Release|Any CPU
		{5FB21EF3-82AC-8A24-8D00-6C66F97369A5}.Release|Any CPU.Build.0 = Release|Any CPU
		{7B57499C-E655-B928-BDC8-0BBF1C24D77B}.Debug|Any CPU.ActiveCfg = Debug|Any CPU
		{7B57499C-E655-B928-BDC8-0BBF1C24D77B}.Debug|Any CPU.Build.0 = Debug|Any CPU
		{7B57499C-E655-B928-BDC8-0BBF1C24D77B}.Release|Any CPU.ActiveCfg = Release|Any CPU
		{7B57499C-E655-B928-BDC8-0BBF1C24D77B}.Release|Any CPU.Build.0 = Release|Any CPU
		{8D8B3B53-F451-EE36-08BC-2CD1BC632225}.Debug|Any CPU.ActiveCfg = Debug|Any CPU
		{8D8B3B53-F451-EE36-08BC-2CD1BC632225}.Debug|Any CPU.Build.0 = Debug|Any CPU
		{8D8B3B53-F451-EE36-08BC-2CD1BC632225}.Release|Any CPU.ActiveCfg = Release|Any CPU
		{8D8B3B53-F451-EE36-08BC-2CD1BC632225}.Release|Any CPU.Build.0 = Release|Any CPU
		{3C386329-354C-1F25-9962-A594B2F2D6C0}.Debug|Any CPU.ActiveCfg = Debug|Any CPU
		{3C386329-354C-1F25-9962-A594B2F2D6C0}.Debug|Any CPU.Build.0 = Debug|Any CPU
		{3C386329-354C-1F25-9962-A594B2F2D6C0}.Release|Any CPU.ActiveCfg = Release|Any CPU
		{3C386329-354C-1F25-9962-A594B2F2D6C0}.Release|Any CPU.Build.0 = Release|Any CPU
		{F0BEA5BF-41B6-B15C-CCBA-BABD728F62C7}.Debug|Any CPU.ActiveCfg = Debug|Any CPU
		{F0BEA5BF-41B6-B15C-CCBA-BABD728F62C7}.Debug|Any CPU.Build.0 = Debug|Any CPU
		{F0BEA5BF-41B6-B15C-CCBA-BABD728F62C7}.Release|Any CPU.ActiveCfg = Release|Any CPU
		{F0BEA5BF-41B6-B15C-CCBA-BABD728F62C7}.Release|Any CPU.Build.0 = Release|Any CPU
		{04DCA9AC-21E1-C51A-8D95-5ADF73D6A384}.Debug|Any CPU.ActiveCfg = Debug|Any CPU
		{04DCA9AC-21E1-C51A-8D95-5ADF73D6A384}.Debug|Any CPU.Build.0 = Debug|Any CPU
		{04DCA9AC-21E1-C51A-8D95-5ADF73D6A384}.Release|Any CPU.ActiveCfg = Release|Any CPU
		{04DCA9AC-21E1-C51A-8D95-5ADF73D6A384}.Release|Any CPU.Build.0 = Release|Any CPU
		{AF17410B-88DB-47E0-DF14-20CDBFFCF3AA}.Debug|Any CPU.ActiveCfg = Debug|Any CPU
		{AF17410B-88DB-47E0-DF14-20CDBFFCF3AA}.Debug|Any CPU.Build.0 = Debug|Any CPU
		{AF17410B-88DB-47E0-DF14-20CDBFFCF3AA}.Release|Any CPU.ActiveCfg = Release|Any CPU
		{AF17410B-88DB-47E0-DF14-20CDBFFCF3AA}.Release|Any CPU.Build.0 = Release|Any CPU
		{7494C5A3-CD1C-E760-8B86-C5F0BE556860}.Debug|Any CPU.ActiveCfg = Debug|Any CPU
		{7494C5A3-CD1C-E760-8B86-C5F0BE556860}.Debug|Any CPU.Build.0 = Debug|Any CPU
		{7494C5A3-CD1C-E760-8B86-C5F0BE556860}.Release|Any CPU.ActiveCfg = Release|Any CPU
		{7494C5A3-CD1C-E760-8B86-C5F0BE556860}.Release|Any CPU.Build.0 = Release|Any CPU
	EndGlobalSection
	GlobalSection(SolutionProperties) = preSolution
		HideSolutionNode = FALSE
	EndGlobalSection
EndGlobal
